// !$*UTF8*$!
{
	archiveVersion = 1;
	classes = {
	};
	objectVersion = 50;
	objects = {

/* Begin PBXBuildFile section */
		000F52C2209E940C00273B33 /* AppDelegate.swift in Sources */ = {isa = PBXBuildFile; fileRef = 000F52C1209E940C00273B33 /* AppDelegate.swift */; };
		000F52C4209E940C00273B33 /* MasterViewController.swift in Sources */ = {isa = PBXBuildFile; fileRef = 000F52C3209E940C00273B33 /* MasterViewController.swift */; };
		000F52C9209E940C00273B33 /* Main.storyboard in Resources */ = {isa = PBXBuildFile; fileRef = 000F52C7209E940C00273B33 /* Main.storyboard */; };
		000F52CB209E940F00273B33 /* Assets.xcassets in Resources */ = {isa = PBXBuildFile; fileRef = 000F52CA209E940F00273B33 /* Assets.xcassets */; };
		000F52CE209E940F00273B33 /* LaunchScreen.storyboard in Resources */ = {isa = PBXBuildFile; fileRef = 000F52CC209E940F00273B33 /* LaunchScreen.storyboard */; };
		003AFEDA20B09CA5002A74A6 /* CoinDB.swift in Sources */ = {isa = PBXBuildFile; fileRef = 003AFED920B09CA5002A74A6 /* CoinDB.swift */; };
		003AFEDC20B09CB7002A74A6 /* awsconfiguration.json in Resources */ = {isa = PBXBuildFile; fileRef = 003AFEDB20B09CB7002A74A6 /* awsconfiguration.json */; };
		003AFEE920B3375B002A74A6 /* Empty.swift in Sources */ = {isa = PBXBuildFile; fileRef = 003AFEE820B3375B002A74A6 /* Empty.swift */; };
		0060658B209FD65D004BBC44 /* DemoCell.swift in Sources */ = {isa = PBXBuildFile; fileRef = 0060658A209FD65D004BBC44 /* DemoCell.swift */; };
		00C88B9620B80FAB00B02B36 /* Services.swift in Sources */ = {isa = PBXBuildFile; fileRef = 00C88B9520B80FAB00B02B36 /* Services.swift */; };
		00C88B9820B8103D00B02B36 /* CoinModel.swift in Sources */ = {isa = PBXBuildFile; fileRef = 00C88B9720B8103C00B02B36 /* CoinModel.swift */; };
		00C8F0BC2112D0FF00DF05CC /* BALCoinGateClient.swift in Sources */ = {isa = PBXBuildFile; fileRef = 00C8F0BB2112D0FF00DF05CC /* BALCoinGateClient.swift */; };
		00C8F0C02112D20A00DF05CC /* BalanceViewController.swift in Sources */ = {isa = PBXBuildFile; fileRef = 00C8F0BF2112D20A00DF05CC /* BalanceViewController.swift */; };
		99495357F6417BC5892C4781 /* Pods_PollingStation.framework in Frameworks */ = {isa = PBXBuildFile; fileRef = 3D54E60DC4343488FA7332C7 /* Pods_PollingStation.framework */; };
/* End PBXBuildFile section */

/* Begin PBXFileReference section */
		000F52BE209E940C00273B33 /* PollingStation.app */ = {isa = PBXFileReference; explicitFileType = wrapper.application; includeInIndex = 0; path = PollingStation.app; sourceTree = BUILT_PRODUCTS_DIR; };
		000F52C1209E940C00273B33 /* AppDelegate.swift */ = {isa = PBXFileReference; lastKnownFileType = sourcecode.swift; path = AppDelegate.swift; sourceTree = "<group>"; };
		000F52C3209E940C00273B33 /* MasterViewController.swift */ = {isa = PBXFileReference; lastKnownFileType = sourcecode.swift; path = MasterViewController.swift; sourceTree = "<group>"; };
		000F52C8209E940C00273B33 /* Base */ = {isa = PBXFileReference; lastKnownFileType = file.storyboard; name = Base; path = Base.lproj/Main.storyboard; sourceTree = "<group>"; };
		000F52CA209E940F00273B33 /* Assets.xcassets */ = {isa = PBXFileReference; lastKnownFileType = folder.assetcatalog; path = Assets.xcassets; sourceTree = "<group>"; };
		000F52CD209E940F00273B33 /* Base */ = {isa = PBXFileReference; lastKnownFileType = file.storyboard; name = Base; path = Base.lproj/LaunchScreen.storyboard; sourceTree = "<group>"; };
		000F52CF209E940F00273B33 /* Info.plist */ = {isa = PBXFileReference; lastKnownFileType = text.plist.xml; path = Info.plist; sourceTree = "<group>"; };
		003AFED920B09CA5002A74A6 /* CoinDB.swift */ = {isa = PBXFileReference; fileEncoding = 4; lastKnownFileType = sourcecode.swift; path = CoinDB.swift; sourceTree = "<group>"; };
		003AFEDB20B09CB7002A74A6 /* awsconfiguration.json */ = {isa = PBXFileReference; fileEncoding = 4; lastKnownFileType = text.json; path = awsconfiguration.json; sourceTree = "<group>"; };
		003AFEE320B3331E002A74A6 /* AWSApiGatewayBridge.h */ = {isa = PBXFileReference; lastKnownFileType = sourcecode.c.h; path = AWSApiGatewayBridge.h; sourceTree = "<group>"; };
		003AFEE820B3375B002A74A6 /* Empty.swift */ = {isa = PBXFileReference; fileEncoding = 4; lastKnownFileType = sourcecode.swift; path = Empty.swift; sourceTree = "<group>"; };
		0060658A209FD65D004BBC44 /* DemoCell.swift */ = {isa = PBXFileReference; fileEncoding = 4; lastKnownFileType = sourcecode.swift; path = DemoCell.swift; sourceTree = "<group>"; };
		00C88B9520B80FAB00B02B36 /* Services.swift */ = {isa = PBXFileReference; fileEncoding = 4; lastKnownFileType = sourcecode.swift; path = Services.swift; sourceTree = "<group>"; };
		00C88B9720B8103C00B02B36 /* CoinModel.swift */ = {isa = PBXFileReference; fileEncoding = 4; lastKnownFileType = sourcecode.swift; path = CoinModel.swift; sourceTree = "<group>"; };
		00C8F0BB2112D0FF00DF05CC /* BALCoinGateClient.swift */ = {isa = PBXFileReference; fileEncoding = 4; lastKnownFileType = sourcecode.swift; path = BALCoinGateClient.swift; sourceTree = "<group>"; };
		00C8F0BF2112D20A00DF05CC /* BalanceViewController.swift */ = {isa = PBXFileReference; lastKnownFileType = sourcecode.swift; path = BalanceViewController.swift; sourceTree = "<group>"; };
		00CD16E220A8F895004C236C /* PollingStation-Bridging-Header.h */ = {isa = PBXFileReference; lastKnownFileType = sourcecode.c.h; path = "PollingStation-Bridging-Header.h"; sourceTree = "<group>"; };
		1AA6F6066C77AE0A6ABE8406 /* Pods-PollingStation.debug.xcconfig */ = {isa = PBXFileReference; includeInIndex = 1; lastKnownFileType = text.xcconfig; name = "Pods-PollingStation.debug.xcconfig"; path = "Pods/Target Support Files/Pods-PollingStation/Pods-PollingStation.debug.xcconfig"; sourceTree = "<group>"; };
		3D54E60DC4343488FA7332C7 /* Pods_PollingStation.framework */ = {isa = PBXFileReference; explicitFileType = wrapper.framework; includeInIndex = 0; path = Pods_PollingStation.framework; sourceTree = BUILT_PRODUCTS_DIR; };
		E317B5AA70DDBDB4019E6316 /* Pods-PollingStation.release.xcconfig */ = {isa = PBXFileReference; includeInIndex = 1; lastKnownFileType = text.xcconfig; name = "Pods-PollingStation.release.xcconfig"; path = "Pods/Target Support Files/Pods-PollingStation/Pods-PollingStation.release.xcconfig"; sourceTree = "<group>"; };
/* End PBXFileReference section */

/* Begin PBXFrameworksBuildPhase section */
		000F52BB209E940C00273B33 /* Frameworks */ = {
			isa = PBXFrameworksBuildPhase;
			buildActionMask = 2147483647;
			files = (
				99495357F6417BC5892C4781 /* Pods_PollingStation.framework in Frameworks */,
			);
			runOnlyForDeploymentPostprocessing = 0;
		};
/* End PBXFrameworksBuildPhase section */

/* Begin PBXGroup section */
		000F52B5209E940C00273B33 = {
			isa = PBXGroup;
			children = (
				000F52C0209E940C00273B33 /* PollingStation */,
				000F52BF209E940C00273B33 /* Products */,
				AF4E90E55DC255C5252DFC2C /* Pods */,
				B69577F6C0678C1F56BDE317 /* Frameworks */,
			);
			sourceTree = "<group>";
		};
		000F52BF209E940C00273B33 /* Products */ = {
			isa = PBXGroup;
			children = (
				000F52BE209E940C00273B33 /* PollingStation.app */,
			);
			name = Products;
			sourceTree = "<group>";
		};
		000F52C0209E940C00273B33 /* PollingStation */ = {
			isa = PBXGroup;
			children = (
				000F52C1209E940C00273B33 /* AppDelegate.swift */,
				000F52C3209E940C00273B33 /* MasterViewController.swift */,
				00C8F0BF2112D20A00DF05CC /* BalanceViewController.swift */,
				00C88B9520B80FAB00B02B36 /* Services.swift */,
				00C88B9720B8103C00B02B36 /* CoinModel.swift */,
				003AFED920B09CA5002A74A6 /* CoinDB.swift */,
				0060658A209FD65D004BBC44 /* DemoCell.swift */,
				003AFEE320B3331E002A74A6 /* AWSApiGatewayBridge.h */,
				00CD16E220A8F895004C236C /* PollingStation-Bridging-Header.h */,
				00C8F0BB2112D0FF00DF05CC /* BALCoinGateClient.swift */,
				003AFEE820B3375B002A74A6 /* Empty.swift */,
				000F52C7209E940C00273B33 /* Main.storyboard */,
				000F52CA209E940F00273B33 /* Assets.xcassets */,
				000F52CC209E940F00273B33 /* LaunchScreen.storyboard */,
				003AFEDB20B09CB7002A74A6 /* awsconfiguration.json */,
				000F52CF209E940F00273B33 /* Info.plist */,
			);
			path = PollingStation;
			sourceTree = "<group>";
		};
		AF4E90E55DC255C5252DFC2C /* Pods */ = {
			isa = PBXGroup;
			children = (
				1AA6F6066C77AE0A6ABE8406 /* Pods-PollingStation.debug.xcconfig */,
				E317B5AA70DDBDB4019E6316 /* Pods-PollingStation.release.xcconfig */,
			);
			name = Pods;
			sourceTree = "<group>";
		};
		B69577F6C0678C1F56BDE317 /* Frameworks */ = {
			isa = PBXGroup;
			children = (
				3D54E60DC4343488FA7332C7 /* Pods_PollingStation.framework */,
			);
			name = Frameworks;
			sourceTree = "<group>";
		};
/* End PBXGroup section */

/* Begin PBXNativeTarget section */
		000F52BD209E940C00273B33 /* PollingStation */ = {
			isa = PBXNativeTarget;
			buildConfigurationList = 000F52D2209E940F00273B33 /* Build configuration list for PBXNativeTarget "PollingStation" */;
			buildPhases = (
				513F5D154927C940BA9BC1AD /* [CP] Check Pods Manifest.lock */,
				000F52BA209E940C00273B33 /* Sources */,
				000F52BB209E940C00273B33 /* Frameworks */,
				000F52BC209E940C00273B33 /* Resources */,
				CC3CCA5FE35A6275E5B4D20A /* [CP] Embed Pods Frameworks */,
			);
			buildRules = (
			);
			dependencies = (
			);
			name = PollingStation;
			productName = PollingStation;
			productReference = 000F52BE209E940C00273B33 /* PollingStation.app */;
			productType = "com.apple.product-type.application";
		};
/* End PBXNativeTarget section */

/* Begin PBXProject section */
		000F52B6209E940C00273B33 /* Project object */ = {
			isa = PBXProject;
			attributes = {
				LastSwiftUpdateCheck = 0930;
				LastUpgradeCheck = 0930;
				ORGANIZATIONNAME = Gareth.K.Mensah;
				TargetAttributes = {
					000F52BD209E940C00273B33 = {
						CreatedOnToolsVersion = 9.3;
						LastSwiftMigration = 0930;
					};
				};
			};
			buildConfigurationList = 000F52B9209E940C00273B33 /* Build configuration list for PBXProject "PollingStation" */;
			compatibilityVersion = "Xcode 9.3";
			developmentRegion = en;
			hasScannedForEncodings = 0;
			knownRegions = (
				en,
				Base,
			);
			mainGroup = 000F52B5209E940C00273B33;
			productRefGroup = 000F52BF209E940C00273B33 /* Products */;
			projectDirPath = "";
			projectRoot = "";
			targets = (
				000F52BD209E940C00273B33 /* PollingStation */,
			);
		};
/* End PBXProject section */

/* Begin PBXResourcesBuildPhase section */
		000F52BC209E940C00273B33 /* Resources */ = {
			isa = PBXResourcesBuildPhase;
			buildActionMask = 2147483647;
			files = (
				000F52CE209E940F00273B33 /* LaunchScreen.storyboard in Resources */,
				003AFEDC20B09CB7002A74A6 /* awsconfiguration.json in Resources */,
				000F52CB209E940F00273B33 /* Assets.xcassets in Resources */,
				000F52C9209E940C00273B33 /* Main.storyboard in Resources */,
			);
			runOnlyForDeploymentPostprocessing = 0;
		};
/* End PBXResourcesBuildPhase section */

/* Begin PBXShellScriptBuildPhase section */
		513F5D154927C940BA9BC1AD /* [CP] Check Pods Manifest.lock */ = {
			isa = PBXShellScriptBuildPhase;
			buildActionMask = 2147483647;
			files = (
			);
			inputPaths = (
				"${PODS_PODFILE_DIR_PATH}/Podfile.lock",
				"${PODS_ROOT}/Manifest.lock",
			);
			name = "[CP] Check Pods Manifest.lock";
			outputPaths = (
				"$(DERIVED_FILE_DIR)/Pods-PollingStation-checkManifestLockResult.txt",
			);
			runOnlyForDeploymentPostprocessing = 0;
			shellPath = /bin/sh;
			shellScript = "diff \"${PODS_PODFILE_DIR_PATH}/Podfile.lock\" \"${PODS_ROOT}/Manifest.lock\" > /dev/null\nif [ $? != 0 ] ; then\n    # print error to STDERR\n    echo \"error: The sandbox is not in sync with the Podfile.lock. Run 'pod install' or update your CocoaPods installation.\" >&2\n    exit 1\nfi\n# This output is used by Xcode 'outputs' to avoid re-running this script phase.\necho \"SUCCESS\" > \"${SCRIPT_OUTPUT_FILE_0}\"\n";
			showEnvVarsInLog = 0;
		};
		CC3CCA5FE35A6275E5B4D20A /* [CP] Embed Pods Frameworks */ = {
			isa = PBXShellScriptBuildPhase;
			buildActionMask = 2147483647;
			files = (
			);
			inputPaths = (
				"${SRCROOT}/Pods/Target Support Files/Pods-PollingStation/Pods-PollingStation-frameworks.sh",
				"${BUILT_PRODUCTS_DIR}/AWSAPIGateway/AWSAPIGateway.framework",
				"${BUILT_PRODUCTS_DIR}/AWSAuthCore/AWSAuthCore.framework",
				"${BUILT_PRODUCTS_DIR}/AWSAuthUI/AWSAuthUI.framework",
				"${BUILT_PRODUCTS_DIR}/AWSCognitoIdentityProvider/AWSCognitoIdentityProvider.framework",
				"${BUILT_PRODUCTS_DIR}/AWSCognitoIdentityProviderASF/AWSCognitoIdentityProviderASF.framework",
				"${BUILT_PRODUCTS_DIR}/AWSCore/AWSCore.framework",
				"${BUILT_PRODUCTS_DIR}/AWSDynamoDB/AWSDynamoDB.framework",
				"${BUILT_PRODUCTS_DIR}/AWSMobileClient/AWSMobileClient.framework",
				"${BUILT_PRODUCTS_DIR}/AWSPinpoint/AWSPinpoint.framework",
				"${BUILT_PRODUCTS_DIR}/AWSUserPoolsSignIn/AWSUserPoolsSignIn.framework",
				"${BUILT_PRODUCTS_DIR}/Alertift/Alertift.framework",
				"${BUILT_PRODUCTS_DIR}/FoldingCell/FoldingCell.framework",
				"${BUILT_PRODUCTS_DIR}/ObjectMapper/ObjectMapper.framework",
				"${BUILT_PRODUCTS_DIR}/SwiftyJSON/SwiftyJSON.framework",
			);
			name = "[CP] Embed Pods Frameworks";
			outputPaths = (
				"${TARGET_BUILD_DIR}/${FRAMEWORKS_FOLDER_PATH}/AWSAPIGateway.framework",
				"${TARGET_BUILD_DIR}/${FRAMEWORKS_FOLDER_PATH}/AWSAuthCore.framework",
				"${TARGET_BUILD_DIR}/${FRAMEWORKS_FOLDER_PATH}/AWSAuthUI.framework",
				"${TARGET_BUILD_DIR}/${FRAMEWORKS_FOLDER_PATH}/AWSCognitoIdentityProvider.framework",
				"${TARGET_BUILD_DIR}/${FRAMEWORKS_FOLDER_PATH}/AWSCognitoIdentityProviderASF.framework",
				"${TARGET_BUILD_DIR}/${FRAMEWORKS_FOLDER_PATH}/AWSCore.framework",
				"${TARGET_BUILD_DIR}/${FRAMEWORKS_FOLDER_PATH}/AWSDynamoDB.framework",
				"${TARGET_BUILD_DIR}/${FRAMEWORKS_FOLDER_PATH}/AWSMobileClient.framework",
				"${TARGET_BUILD_DIR}/${FRAMEWORKS_FOLDER_PATH}/AWSPinpoint.framework",
				"${TARGET_BUILD_DIR}/${FRAMEWORKS_FOLDER_PATH}/AWSUserPoolsSignIn.framework",
				"${TARGET_BUILD_DIR}/${FRAMEWORKS_FOLDER_PATH}/Alertift.framework",
				"${TARGET_BUILD_DIR}/${FRAMEWORKS_FOLDER_PATH}/FoldingCell.framework",
				"${TARGET_BUILD_DIR}/${FRAMEWORKS_FOLDER_PATH}/ObjectMapper.framework",
				"${TARGET_BUILD_DIR}/${FRAMEWORKS_FOLDER_PATH}/SwiftyJSON.framework",
			);
			runOnlyForDeploymentPostprocessing = 0;
			shellPath = /bin/sh;
			shellScript = "\"${SRCROOT}/Pods/Target Support Files/Pods-PollingStation/Pods-PollingStation-frameworks.sh\"\n";
			showEnvVarsInLog = 0;
		};
/* End PBXShellScriptBuildPhase section */

/* Begin PBXSourcesBuildPhase section */
		000F52BA209E940C00273B33 /* Sources */ = {
			isa = PBXSourcesBuildPhase;
			buildActionMask = 2147483647;
			files = (
				00C8F0C02112D20A00DF05CC /* BalanceViewController.swift in Sources */,
				000F52C4209E940C00273B33 /* MasterViewController.swift in Sources */,
				003AFEDA20B09CA5002A74A6 /* CoinDB.swift in Sources */,
				00C8F0BC2112D0FF00DF05CC /* BALCoinGateClient.swift in Sources */,
				003AFEE920B3375B002A74A6 /* Empty.swift in Sources */,
				00C88B9820B8103D00B02B36 /* CoinModel.swift in Sources */,
				00C88B9620B80FAB00B02B36 /* Services.swift in Sources */,
				0060658B209FD65D004BBC44 /* DemoCell.swift in Sources */,
				000F52C2209E940C00273B33 /* AppDelegate.swift in Sources */,
			);
			runOnlyForDeploymentPostprocessing = 0;
		};
/* End PBXSourcesBuildPhase section */

/* Begin PBXVariantGroup section */
		000F52C7209E940C00273B33 /* Main.storyboard */ = {
			isa = PBXVariantGroup;
			children = (
				000F52C8209E940C00273B33 /* Base */,
			);
			name = Main.storyboard;
			sourceTree = "<group>";
		};
		000F52CC209E940F00273B33 /* LaunchScreen.storyboard */ = {
			isa = PBXVariantGroup;
			children = (
				000F52CD209E940F00273B33 /* Base */,
			);
			name = LaunchScreen.storyboard;
			sourceTree = "<group>";
		};
/* End PBXVariantGroup section */

/* Begin XCBuildConfiguration section */
		000F52D0209E940F00273B33 /* Debug */ = {
			isa = XCBuildConfiguration;
			buildSettings = {
				ALWAYS_SEARCH_USER_PATHS = NO;
				CLANG_ANALYZER_NONNULL = YES;
				CLANG_ANALYZER_NUMBER_OBJECT_CONVERSION = YES_AGGRESSIVE;
				CLANG_CXX_LANGUAGE_STANDARD = "gnu++14";
				CLANG_CXX_LIBRARY = "libc++";
				CLANG_ENABLE_MODULES = YES;
				CLANG_ENABLE_OBJC_ARC = YES;
				CLANG_ENABLE_OBJC_WEAK = YES;
				CLANG_WARN_BLOCK_CAPTURE_AUTORELEASING = YES;
				CLANG_WARN_BOOL_CONVERSION = YES;
				CLANG_WARN_COMMA = YES;
				CLANG_WARN_CONSTANT_CONVERSION = YES;
				CLANG_WARN_DEPRECATED_OBJC_IMPLEMENTATIONS = YES;
				CLANG_WARN_DIRECT_OBJC_ISA_USAGE = YES_ERROR;
				CLANG_WARN_DOCUMENTATION_COMMENTS = YES;
				CLANG_WARN_EMPTY_BODY = YES;
				CLANG_WARN_ENUM_CONVERSION = YES;
				CLANG_WARN_INFINITE_RECURSION = YES;
				CLANG_WARN_INT_CONVERSION = YES;
				CLANG_WARN_NON_LITERAL_NULL_CONVERSION = YES;
				CLANG_WARN_OBJC_IMPLICIT_RETAIN_SELF = YES;
				CLANG_WARN_OBJC_LITERAL_CONVERSION = YES;
				CLANG_WARN_OBJC_ROOT_CLASS = YES_ERROR;
				CLANG_WARN_RANGE_LOOP_ANALYSIS = YES;
				CLANG_WARN_STRICT_PROTOTYPES = YES;
				CLANG_WARN_SUSPICIOUS_MOVE = YES;
				CLANG_WARN_UNGUARDED_AVAILABILITY = YES_AGGRESSIVE;
				CLANG_WARN_UNREACHABLE_CODE = YES;
				CLANG_WARN__DUPLICATE_METHOD_MATCH = YES;
				CODE_SIGN_IDENTITY = "iPhone Developer";
				COPY_PHASE_STRIP = NO;
				DEBUG_INFORMATION_FORMAT = dwarf;
				ENABLE_STRICT_OBJC_MSGSEND = YES;
				ENABLE_TESTABILITY = YES;
				GCC_C_LANGUAGE_STANDARD = gnu11;
				GCC_DYNAMIC_NO_PIC = NO;
				GCC_NO_COMMON_BLOCKS = YES;
				GCC_OPTIMIZATION_LEVEL = 0;
				GCC_PREPROCESSOR_DEFINITIONS = (
					"DEBUG=1",
					"$(inherited)",
				);
				GCC_WARN_64_TO_32_BIT_CONVERSION = YES;
				GCC_WARN_ABOUT_RETURN_TYPE = YES_ERROR;
				GCC_WARN_UNDECLARED_SELECTOR = YES;
				GCC_WARN_UNINITIALIZED_AUTOS = YES_AGGRESSIVE;
				GCC_WARN_UNUSED_FUNCTION = YES;
				GCC_WARN_UNUSED_VARIABLE = YES;
				IPHONEOS_DEPLOYMENT_TARGET = 11.3;
				MTL_ENABLE_DEBUG_INFO = YES;
				ONLY_ACTIVE_ARCH = YES;
				SDKROOT = iphoneos;
				SWIFT_ACTIVE_COMPILATION_CONDITIONS = DEBUG;
				SWIFT_OPTIMIZATION_LEVEL = "-Onone";
				SWIFT_VERSION = 4.0;
			};
			name = Debug;
		};
		000F52D1209E940F00273B33 /* Release */ = {
			isa = XCBuildConfiguration;
			buildSettings = {
				ALWAYS_SEARCH_USER_PATHS = NO;
				CLANG_ANALYZER_NONNULL = YES;
				CLANG_ANALYZER_NUMBER_OBJECT_CONVERSION = YES_AGGRESSIVE;
				CLANG_CXX_LANGUAGE_STANDARD = "gnu++14";
				CLANG_CXX_LIBRARY = "libc++";
				CLANG_ENABLE_MODULES = YES;
				CLANG_ENABLE_OBJC_ARC = YES;
				CLANG_ENABLE_OBJC_WEAK = YES;
				CLANG_WARN_BLOCK_CAPTURE_AUTORELEASING = YES;
				CLANG_WARN_BOOL_CONVERSION = YES;
				CLANG_WARN_COMMA = YES;
				CLANG_WARN_CONSTANT_CONVERSION = YES;
				CLANG_WARN_DEPRECATED_OBJC_IMPLEMENTATIONS = YES;
				CLANG_WARN_DIRECT_OBJC_ISA_USAGE = YES_ERROR;
				CLANG_WARN_DOCUMENTATION_COMMENTS = YES;
				CLANG_WARN_EMPTY_BODY = YES;
				CLANG_WARN_ENUM_CONVERSION = YES;
				CLANG_WARN_INFINITE_RECURSION = YES;
				CLANG_WARN_INT_CONVERSION = YES;
				CLANG_WARN_NON_LITERAL_NULL_CONVERSION = YES;
				CLANG_WARN_OBJC_IMPLICIT_RETAIN_SELF = YES;
				CLANG_WARN_OBJC_LITERAL_CONVERSION = YES;
				CLANG_WARN_OBJC_ROOT_CLASS = YES_ERROR;
				CLANG_WARN_RANGE_LOOP_ANALYSIS = YES;
				CLANG_WARN_STRICT_PROTOTYPES = YES;
				CLANG_WARN_SUSPICIOUS_MOVE = YES;
				CLANG_WARN_UNGUARDED_AVAILABILITY = YES_AGGRESSIVE;
				CLANG_WARN_UNREACHABLE_CODE = YES;
				CLANG_WARN__DUPLICATE_METHOD_MATCH = YES;
				CODE_SIGN_IDENTITY = "iPhone Developer";
				COPY_PHASE_STRIP = NO;
				DEBUG_INFORMATION_FORMAT = "dwarf-with-dsym";
				ENABLE_NS_ASSERTIONS = NO;
				ENABLE_STRICT_OBJC_MSGSEND = YES;
				GCC_C_LANGUAGE_STANDARD = gnu11;
				GCC_NO_COMMON_BLOCKS = YES;
				GCC_WARN_64_TO_32_BIT_CONVERSION = YES;
				GCC_WARN_ABOUT_RETURN_TYPE = YES_ERROR;
				GCC_WARN_UNDECLARED_SELECTOR = YES;
				GCC_WARN_UNINITIALIZED_AUTOS = YES_AGGRESSIVE;
				GCC_WARN_UNUSED_FUNCTION = YES;
				GCC_WARN_UNUSED_VARIABLE = YES;
				IPHONEOS_DEPLOYMENT_TARGET = 11.3;
				MTL_ENABLE_DEBUG_INFO = NO;
				SDKROOT = iphoneos;
				SWIFT_COMPILATION_MODE = wholemodule;
				SWIFT_OPTIMIZATION_LEVEL = "-O";
				SWIFT_VERSION = 4.0;
				VALIDATE_PRODUCT = YES;
			};
			name = Release;
		};
		000F52D3209E940F00273B33 /* Debug */ = {
			isa = XCBuildConfiguration;
			baseConfigurationReference = 1AA6F6066C77AE0A6ABE8406 /* Pods-PollingStation.debug.xcconfig */;
			buildSettings = {
				ASSETCATALOG_COMPILER_APPICON_NAME = AppIcon;
				CLANG_ENABLE_MODULES = YES;
				CODE_SIGN_STYLE = Automatic;
				DEVELOPMENT_TEAM = 6AEA7P6XSJ;
				INFOPLIST_FILE = PollingStation/Info.plist;
				LD_RUNPATH_SEARCH_PATHS = (
					"$(inherited)",
					"@executable_path/Frameworks",
				);
				PRODUCT_BUNDLE_IDENTIFIER = com.GreyEcology.PollingStation;
				PRODUCT_NAME = "$(TARGET_NAME)";
				SWIFT_OBJC_BRIDGING_HEADER = "$(PROJECT_DIR)/$(PROJECT_NAME)/PollingStation-Bridging-Header.h";
				SWIFT_OPTIMIZATION_LEVEL = "-Onone";
				SWIFT_VERSION = 4.0;
				TARGETED_DEVICE_FAMILY = "1,2";
			};
			name = Debug;
		};
		000F52D4209E940F00273B33 /* Release */ = {
			isa = XCBuildConfiguration;
			baseConfigurationReference = E317B5AA70DDBDB4019E6316 /* Pods-PollingStation.release.xcconfig */;
			buildSettings = {
				ASSETCATALOG_COMPILER_APPICON_NAME = AppIcon;
				CLANG_ENABLE_MODULES = YES;
				CODE_SIGN_STYLE = Automatic;
				DEVELOPMENT_TEAM = 6AEA7P6XSJ;
				INFOPLIST_FILE = PollingStation/Info.plist;
				LD_RUNPATH_SEARCH_PATHS = (
					"$(inherited)",
					"@executable_path/Frameworks",
				);
				PRODUCT_BUNDLE_IDENTIFIER = com.GreyEcology.PollingStation;
				PRODUCT_NAME = "$(TARGET_NAME)";
				SWIFT_OBJC_BRIDGING_HEADER = "$(PROJECT_DIR)/$(PROJECT_NAME)/PollingStation-Bridging-Header.h";
				SWIFT_VERSION = 4.0;
				TARGETED_DEVICE_FAMILY = "1,2";
			};
			name = Release;
		};
/* End XCBuildConfiguration section */

/* Begin XCConfigurationList section */
		000F52B9209E940C00273B33 /* Build configuration list for PBXProject "PollingStation" */ = {
			isa = XCConfigurationList;
			buildConfigurations = (
				000F52D0209E940F00273B33 /* Debug */,
				000F52D1209E940F00273B33 /* Release */,
			);
			defaultConfigurationIsVisible = 0;
			defaultConfigurationName = Release;
		};
		000F52D2209E940F00273B33 /* Build configuration list for PBXNativeTarget "PollingStation" */ = {
			isa = XCConfigurationList;
			buildConfigurations = (
				000F52D3209E940F00273B33 /* Debug */,
				000F52D4209E940F00273B33 /* Release */,
			);
			defaultConfigurationIsVisible = 0;
			defaultConfigurationName = Release;
		};
/* End XCConfigurationList section */
	};
	rootObject = 000F52B6209E940C00273B33 /* Project object */;
}
